
Microsoft Visual Studio Solution File, Format Version 12.00
# Visual Studio 15
VisualStudioVersion = 15.0.27130.2027
MinimumVisualStudioVersion = 10.0.40219.1
Project("{888888A0-9F3D-457C-B088-3A5042F75D52}") = "Spider", "Spider.pyproj", "{0ACB32E5-D14A-4A05-83FA-F088060D0741}"
EndProject
Global
	GlobalSection(SolutionConfigurationPlatforms) = preSolution
		Debug|Any CPU = Debug|Any CPU
		Release|Any CPU = Release|Any CPU
	EndGlobalSection
	GlobalSection(ProjectConfigurationPlatforms) = postSolution
		{0ACB32E5-D14A-4A05-83FA-F088060D0741}.Debug|Any CPU.ActiveCfg = Debug|Any CPU
		{0ACB32E5-D14A-4A05-83FA-F088060D0741}.Release|Any CPU.ActiveCfg = Release|Any CPU
	EndGlobalSection
	GlobalSection(SolutionProperties) = preSolution
		HideSolutionNode = FALSE
	EndGlobalSection
	GlobalSection(ExtensibilityGlobals) = postSolution
		SolutionGuid = {9D63983C-7E27-4D65-A292-4ED8DBA2E956}
	EndGlobalSection
EndGlobal
